
Microsoft Visual Studio Solution File, Format Version 12.00
# Visual Studio Version 17
VisualStudioVersion = 17.12.35707.178
MinimumVisualStudioVersion = 10.0.40219.1
Project("{FAE04EC0-301F-11D3-BF4B-00C04F79EFBC}") = "SunBattery_Api", "SunBattery_Api\SunBattery_Api.csproj", "{97781732-4D58-4073-97F6-5C1A6E8F8D03}"
EndProject
Project("{FAE04EC0-301F-11D3-BF4B-00C04F79EFBC}") = "SunBattery.Core", "SunBattery.Core\SunBattery.Core.csproj", "{55E6AEAD-2783-4686-955A-796DC2C309D8}"
EndProject
Global
	GlobalSection(SolutionConfigurationPlatforms) = preSolution
		Debug|Any CPU = Debug|Any CPU
		Release|Any CPU = Release|Any CPU
	EndGlobalSection
	GlobalSection(ProjectConfigurationPlatforms) = postSolution
		{97781732-4D58-4073-97F6-5C1A6E8F8D03}.Debug|Any CPU.ActiveCfg = Debug|Any CPU
		{97781732-4D58-4073-97F6-5C1A6E8F8D03}.Debug|Any CPU.Build.0 = Debug|Any CPU
		{97781732-4D58-4073-97F6-5C1A6E8F8D03}.Release|Any CPU.ActiveCfg = Release|Any CPU
		{97781732-4D58-4073-97F6-5C1A6E8F8D03}.Release|Any CPU.Build.0 = Release|Any CPU
		{55E6AEAD-2783-4686-955A-796DC2C309D8}.Debug|Any CPU.ActiveCfg = Debug|Any CPU
		{55E6AEAD-2783-4686-955A-796DC2C309D8}.Debug|Any CPU.Build.0 = Debug|Any CPU
		{55E6AEAD-2783-4686-955A-796DC2C309D8}.Release|Any CPU.ActiveCfg = Release|Any CPU
		{55E6AEAD-2783-4686-955A-796DC2C309D8}.Release|Any CPU.Build.0 = Release|Any CPU
	EndGlobalSection
	GlobalSection(SolutionProperties) = preSolution
		HideSolutionNode = FALSE
	EndGlobalSection
	GlobalSection(ExtensibilityGlobals) = postSolution
		SolutionGuid = {6DCF20F2-34D9-43DB-BD88-4CD631A59AB1}
	EndGlobalSection
EndGlobal
